
Microsoft Visual Studio Solution File, Format Version 12.00
# Visual Studio 15
Project("{FAE04EC0-301F-11D3-BF4B-00C04F79EFBC}") = "Assembly-CSharp", "Assembly-CSharp.csproj", "{3E4B66FA-47B2-92C1-CB17-1057E373F947}"
EndProject
Project("{FAE04EC0-301F-11D3-BF4B-00C04F79EFBC}") = "Assembly-CSharp-Editor", "Assembly-CSharp-Editor.csproj", "{2AC7A077-E3A2-8583-212C-8CE476F5A7B3}"
EndProject
Global
	GlobalSection(SolutionConfigurationPlatforms) = preSolution
		Debug|Any CPU = Debug|Any CPU
		Release|Any CPU = Release|Any CPU
	EndGlobalSection
	GlobalSection(ProjectConfigurationPlatforms) = postSolution
		{3E4B66FA-47B2-92C1-CB17-1057E373F947}.Debug|Any CPU.ActiveCfg = Debug|Any CPU
		{3E4B66FA-47B2-92C1-CB17-1057E373F947}.Debug|Any CPU.Build.0 = Debug|Any CPU
		{3E4B66FA-47B2-92C1-CB17-1057E373F947}.Release|Any CPU.ActiveCfg = Release|Any CPU
		{3E4B66FA-47B2-92C1-CB17-1057E373F947}.Release|Any CPU.Build.0 = Release|Any CPU
		{2AC7A077-E3A2-8583-212C-8CE476F5A7B3}.Debug|Any CPU.ActiveCfg = Debug|Any CPU
		{2AC7A077-E3A2-8583-212C-8CE476F5A7B3}.Debug|Any CPU.Build.0 = Debug|Any CPU
		{2AC7A077-E3A2-8583-212C-8CE476F5A7B3}.Release|Any CPU.ActiveCfg = Release|Any CPU
		{2AC7A077-E3A2-8583-212C-8CE476F5A7B3}.Release|Any CPU.Build.0 = Release|Any CPU
	EndGlobalSection
	GlobalSection(SolutionProperties) = preSolution
		HideSolutionNode = FALSE
	EndGlobalSection
EndGlobal
